
Microsoft Visual Studio Solution File, Format Version 12.00
# Visual Studio Version 16
VisualStudioVersion = 16.0.30717.126
MinimumVisualStudioVersion = 10.0.40219.1
Project("{9A19103F-16F7-4668-BE54-9A1E7A4F7556}") = "SynetecAssessmentApi", "SynetecAssessmentApi\SynetecAssessmentApi.csproj", "{5BCB6360-6A89-4338-9863-7455B8480B20}"
EndProject
Project("{9A19103F-16F7-4668-BE54-9A1E7A4F7556}") = "SynetecAssessmentApi.Domain", "SynetecAssessmentApi.Domain\SynetecAssessmentApi.Domain.csproj", "{7B58C9C7-0C36-49AE-B472-ADF9C00B61D6}"
EndProject
Project("{9A19103F-16F7-4668-BE54-9A1E7A4F7556}") = "SynetecAssessmentApi.Persistence", "SynetecAssessment.Persistence\SynetecAssessmentApi.Persistence.csproj", "{72F75F99-9031-4DD6-B646-4926BC527038}"
EndProject
Project("{2150E333-8FDC-42A3-9474-1A3956D46DE8}") = "Solution Items", "Solution Items", "{BF9F5664-9DA3-4856-B725-D196FA7B4489}"
	ProjectSection(SolutionItems) = preProject
		Refactor.txt = Refactor.txt
		Refactoring.txt = Refactoring.txt
	EndProjectSection
EndProject
Project("{FAE04EC0-301F-11D3-BF4B-00C04F79EFBC}") = "BusinessLogic", "BusinessLogic\BusinessLogic.csproj", "{BAC5D528-98F8-4CAA-9F13-1899FA2DF55F}"
EndProject
Project("{FAE04EC0-301F-11D3-BF4B-00C04F79EFBC}") = "Synetech.UnitTests", "Synetech.UnitTests\Synetech.UnitTests.csproj", "{2A51F542-4870-4F48-B9B8-0C38D214F3AE}"
EndProject
Global
	GlobalSection(SolutionConfigurationPlatforms) = preSolution
		Debug|Any CPU = Debug|Any CPU
		Release|Any CPU = Release|Any CPU
	EndGlobalSection
	GlobalSection(ProjectConfigurationPlatforms) = postSolution
		{5BCB6360-6A89-4338-9863-7455B8480B20}.Debug|Any CPU.ActiveCfg = Debug|Any CPU
		{5BCB6360-6A89-4338-9863-7455B8480B20}.Debug|Any CPU.Build.0 = Debug|Any CPU
		{5BCB6360-6A89-4338-9863-7455B8480B20}.Release|Any CPU.ActiveCfg = Release|Any CPU
		{5BCB6360-6A89-4338-9863-7455B8480B20}.Release|Any CPU.Build.0 = Release|Any CPU
		{7B58C9C7-0C36-49AE-B472-ADF9C00B61D6}.Debug|Any CPU.ActiveCfg = Debug|Any CPU
		{7B58C9C7-0C36-49AE-B472-ADF9C00B61D6}.Debug|Any CPU.Build.0 = Debug|Any CPU
		{7B58C9C7-0C36-49AE-B472-ADF9C00B61D6}.Release|Any CPU.ActiveCfg = Release|Any CPU
		{7B58C9C7-0C36-49AE-B472-ADF9C00B61D6}.Release|Any CPU.Build.0 = Release|Any CPU
		{72F75F99-9031-4DD6-B646-4926BC527038}.Debug|Any CPU.ActiveCfg = Debug|Any CPU
		{72F75F99-9031-4DD6-B646-4926BC527038}.Debug|Any CPU.Build.0 = Debug|Any CPU
		{72F75F99-9031-4DD6-B646-4926BC527038}.Release|Any CPU.ActiveCfg = Release|Any CPU
		{72F75F99-9031-4DD6-B646-4926BC527038}.Release|Any CPU.Build.0 = Release|Any CPU
		{BAC5D528-98F8-4CAA-9F13-1899FA2DF55F}.Debug|Any CPU.ActiveCfg = Debug|Any CPU
		{BAC5D528-98F8-4CAA-9F13-1899FA2DF55F}.Debug|Any CPU.Build.0 = Debug|Any CPU
		{BAC5D528-98F8-4CAA-9F13-1899FA2DF55F}.Release|Any CPU.ActiveCfg = Release|Any CPU
		{BAC5D528-98F8-4CAA-9F13-1899FA2DF55F}.Release|Any CPU.Build.0 = Release|Any CPU
		{2A51F542-4870-4F48-B9B8-0C38D214F3AE}.Debug|Any CPU.ActiveCfg = Debug|Any CPU
		{2A51F542-4870-4F48-B9B8-0C38D214F3AE}.Debug|Any CPU.Build.0 = Debug|Any CPU
		{2A51F542-4870-4F48-B9B8-0C38D214F3AE}.Release|Any CPU.ActiveCfg = Release|Any CPU
		{2A51F542-4870-4F48-B9B8-0C38D214F3AE}.Release|Any CPU.Build.0 = Release|Any CPU
	EndGlobalSection
	GlobalSection(SolutionProperties) = preSolution
		HideSolutionNode = FALSE
	EndGlobalSection
	GlobalSection(ExtensibilityGlobals) = postSolution
		SolutionGuid = {34BFE941-C9D7-4CA5-AD9D-19A169C02E4D}
	EndGlobalSection
EndGlobal
